
Microsoft Visual Studio Solution File, Format Version 12.00
# Visual Studio Version 17
VisualStudioVersion = 17.6.33815.320
MinimumVisualStudioVersion = 10.0.40219.1
Project("{FAE04EC0-301F-11D3-BF4B-00C04F79EFBC}") = "AI_BehaviorTree_AIImplementation", "AI_BehaviorTree_AIImplementation.csproj", "{B8AB6DF7-A5F6-408B-A1CC-85F7CC22B68A}"
EndProject
Project("{FAE04EC0-301F-11D3-BF4B-00C04F79EFBC}") = "ProjectK", "ProjectK\ProjectK.csproj", "{AA51D845-FE5E-461C-A32E-3380C4B53020}"
EndProject
Project("{FAE04EC0-301F-11D3-BF4B-00C04F79EFBC}") = "ProjetR", "ProjetR\ProjetR.csproj", "{C23D4F48-5EAD-4663-81D2-0C418C4C5664}"
EndProject
Project("{FAE04EC0-301F-11D3-BF4B-00C04F79EFBC}") = "ProjetD", "ProjetD\ProjetD.csproj", "{A8A54C81-9032-4B4F-901C-FF435C1C92FA}"
EndProject
Project("{FAE04EC0-301F-11D3-BF4B-00C04F79EFBC}") = "ProjetCommun", "ProjetCommun\ProjetCommun.csproj", "{666D1B7B-0DAA-49F5-B6A2-729AE6871FFD}"
EndProject
Global
	GlobalSection(SolutionConfigurationPlatforms) = preSolution
		Debug|Any CPU = Debug|Any CPU
		Debug|ARM = Debug|ARM
		Debug|ARM64 = Debug|ARM64
		Debug|x64 = Debug|x64
		Debug|x86 = Debug|x86
		Release|Any CPU = Release|Any CPU
		Release|ARM = Release|ARM
		Release|ARM64 = Release|ARM64
		Release|x64 = Release|x64
		Release|x86 = Release|x86
	EndGlobalSection
	GlobalSection(ProjectConfigurationPlatforms) = postSolution
		{B8AB6DF7-A5F6-408B-A1CC-85F7CC22B68A}.Debug|Any CPU.ActiveCfg = Debug|Any CPU
		{B8AB6DF7-A5F6-408B-A1CC-85F7CC22B68A}.Debug|Any CPU.Build.0 = Debug|Any CPU
		{B8AB6DF7-A5F6-408B-A1CC-85F7CC22B68A}.Debug|ARM.ActiveCfg = Debug|ARM
		{B8AB6DF7-A5F6-408B-A1CC-85F7CC22B68A}.Debug|ARM.Build.0 = Debug|ARM
		{B8AB6DF7-A5F6-408B-A1CC-85F7CC22B68A}.Debug|ARM64.ActiveCfg = Debug|ARM64
		{B8AB6DF7-A5F6-408B-A1CC-85F7CC22B68A}.Debug|ARM64.Build.0 = Debug|ARM64
		{B8AB6DF7-A5F6-408B-A1CC-85F7CC22B68A}.Debug|x64.ActiveCfg = Debug|x64
		{B8AB6DF7-A5F6-408B-A1CC-85F7CC22B68A}.Debug|x64.Build.0 = Debug|x64
		{B8AB6DF7-A5F6-408B-A1CC-85F7CC22B68A}.Debug|x86.ActiveCfg = Debug|x86
		{B8AB6DF7-A5F6-408B-A1CC-85F7CC22B68A}.Debug|x86.Build.0 = Debug|x86
		{B8AB6DF7-A5F6-408B-A1CC-85F7CC22B68A}.Release|Any CPU.ActiveCfg = Release|Any CPU
		{B8AB6DF7-A5F6-408B-A1CC-85F7CC22B68A}.Release|Any CPU.Build.0 = Release|Any CPU
		{B8AB6DF7-A5F6-408B-A1CC-85F7CC22B68A}.Release|ARM.ActiveCfg = Release|ARM
		{B8AB6DF7-A5F6-408B-A1CC-85F7CC22B68A}.Release|ARM.Build.0 = Release|ARM
		{B8AB6DF7-A5F6-408B-A1CC-85F7CC22B68A}.Release|ARM64.ActiveCfg = Release|ARM64
		{B8AB6DF7-A5F6-408B-A1CC-85F7CC22B68A}.Release|ARM64.Build.0 = Release|ARM64
		{B8AB6DF7-A5F6-408B-A1CC-85F7CC22B68A}.Release|x64.ActiveCfg = Release|x64
		{B8AB6DF7-A5F6-408B-A1CC-85F7CC22B68A}.Release|x64.Build.0 = Release|x64
		{B8AB6DF7-A5F6-408B-A1CC-85F7CC22B68A}.Release|x86.ActiveCfg = Release|x86
		{B8AB6DF7-A5F6-408B-A1CC-85F7CC22B68A}.Release|x86.Build.0 = Release|x86
		{AA51D845-FE5E-461C-A32E-3380C4B53020}.Debug|Any CPU.ActiveCfg = Debug|Any CPU
		{AA51D845-FE5E-461C-A32E-3380C4B53020}.Debug|Any CPU.Build.0 = Debug|Any CPU
		{AA51D845-FE5E-461C-A32E-3380C4B53020}.Debug|ARM.ActiveCfg = Debug|Any CPU
		{AA51D845-FE5E-461C-A32E-3380C4B53020}.Debug|ARM.Build.0 = Debug|Any CPU
		{AA51D845-FE5E-461C-A32E-3380C4B53020}.Debug|ARM64.ActiveCfg = Debug|Any CPU
		{AA51D845-FE5E-461C-A32E-3380C4B53020}.Debug|ARM64.Build.0 = Debug|Any CPU
		{AA51D845-FE5E-461C-A32E-3380C4B53020}.Debug|x64.ActiveCfg = Debug|Any CPU
		{AA51D845-FE5E-461C-A32E-3380C4B53020}.Debug|x64.Build.0 = Debug|Any CPU
		{AA51D845-FE5E-461C-A32E-3380C4B53020}.Debug|x86.ActiveCfg = Debug|Any CPU
		{AA51D845-FE5E-461C-A32E-3380C4B53020}.Debug|x86.Build.0 = Debug|Any CPU
		{AA51D845-FE5E-461C-A32E-3380C4B53020}.Release|Any CPU.ActiveCfg = Release|Any CPU
		{AA51D845-FE5E-461C-A32E-3380C4B53020}.Release|Any CPU.Build.0 = Release|Any CPU
		{AA51D845-FE5E-461C-A32E-3380C4B53020}.Release|ARM.ActiveCfg = Release|Any CPU
		{AA51D845-FE5E-461C-A32E-3380C4B53020}.Release|ARM.Build.0 = Release|Any CPU
		{AA51D845-FE5E-461C-A32E-3380C4B53020}.Release|ARM64.ActiveCfg = Release|Any CPU
		{AA51D845-FE5E-461C-A32E-3380C4B53020}.Release|ARM64.Build.0 = Release|Any CPU
		{AA51D845-FE5E-461C-A32E-3380C4B53020}.Release|x64.ActiveCfg = Release|Any CPU
		{AA51D845-FE5E-461C-A32E-3380C4B53020}.Release|x64.Build.0 = Release|Any CPU
		{AA51D845-FE5E-461C-A32E-3380C4B53020}.Release|x86.ActiveCfg = Release|Any CPU
		{AA51D845-FE5E-461C-A32E-3380C4B53020}.Release|x86.Build.0 = Release|Any CPU
		{C23D4F48-5EAD-4663-81D2-0C418C4C5664}.Debug|Any CPU.ActiveCfg = Debug|Any CPU
		{C23D4F48-5EAD-4663-81D2-0C418C4C5664}.Debug|Any CPU.Build.0 = Debug|Any CPU
		{C23D4F48-5EAD-4663-81D2-0C418C4C5664}.Debug|ARM.ActiveCfg = Debug|Any CPU
		{C23D4F48-5EAD-4663-81D2-0C418C4C5664}.Debug|ARM.Build.0 = Debug|Any CPU
		{C23D4F48-5EAD-4663-81D2-0C418C4C5664}.Debug|ARM64.ActiveCfg = Debug|Any CPU
		{C23D4F48-5EAD-4663-81D2-0C418C4C5664}.Debug|ARM64.Build.0 = Debug|Any CPU
		{C23D4F48-5EAD-4663-81D2-0C418C4C5664}.Debug|x64.ActiveCfg = Debug|Any CPU
		{C23D4F48-5EAD-4663-81D2-0C418C4C5664}.Debug|x64.Build.0 = Debug|Any CPU
		{C23D4F48-5EAD-4663-81D2-0C418C4C5664}.Debug|x86.ActiveCfg = Debug|Any CPU
		{C23D4F48-5EAD-4663-81D2-0C418C4C5664}.Debug|x86.Build.0 = Debug|Any CPU
		{C23D4F48-5EAD-4663-81D2-0C418C4C5664}.Release|Any CPU.ActiveCfg = Release|Any CPU
		{C23D4F48-5EAD-4663-81D2-0C418C4C5664}.Release|Any CPU.Build.0 = Release|Any CPU
		{C23D4F48-5EAD-4663-81D2-0C418C4C5664}.Release|ARM.ActiveCfg = Release|Any CPU
		{C23D4F48-5EAD-4663-81D2-0C418C4C5664}.Release|ARM.Build.0 = Release|Any CPU
		{C23D4F48-5EAD-4663-81D2-0C418C4C5664}.Release|ARM64.ActiveCfg = Release|Any CPU
		{C23D4F48-5EAD-4663-81D2-0C418C4C5664}.Release|ARM64.Build.0 = Release|Any CPU
		{C23D4F48-5EAD-4663-81D2-0C418C4C5664}.Release|x64.ActiveCfg = Release|Any CPU
		{C23D4F48-5EAD-4663-81D2-0C418C4C5664}.Release|x64.Build.0 = Release|Any CPU
		{C23D4F48-5EAD-4663-81D2-0C418C4C5664}.Release|x86.ActiveCfg = Release|Any CPU
		{C23D4F48-5EAD-4663-81D2-0C418C4C5664}.Release|x86.Build.0 = Release|Any CPU
		{A8A54C81-9032-4B4F-901C-FF435C1C92FA}.Debug|Any CPU.ActiveCfg = Debug|Any CPU
		{A8A54C81-9032-4B4F-901C-FF435C1C92FA}.Debug|Any CPU.Build.0 = Debug|Any CPU
		{A8A54C81-9032-4B4F-901C-FF435C1C92FA}.Debug|ARM.ActiveCfg = Debug|Any CPU
		{A8A54C81-9032-4B4F-901C-FF435C1C92FA}.Debug|ARM.Build.0 = Debug|Any CPU
		{A8A54C81-9032-4B4F-901C-FF435C1C92FA}.Debug|ARM64.ActiveCfg = Debug|Any CPU
		{A8A54C81-9032-4B4F-901C-FF435C1C92FA}.Debug|ARM64.Build.0 = Debug|Any CPU
		{A8A54C81-9032-4B4F-901C-FF435C1C92FA}.Debug|x64.ActiveCfg = Debug|Any CPU
		{A8A54C81-9032-4B4F-901C-FF435C1C92FA}.Debug|x64.Build.0 = Debug|Any CPU
		{A8A54C81-9032-4B4F-901C-FF435C1C92FA}.Debug|x86.ActiveCfg = Debug|Any CPU
		{A8A54C81-9032-4B4F-901C-FF435C1C92FA}.Debug|x86.Build.0 = Debug|Any CPU
		{A8A54C81-9032-4B4F-901C-FF435C1C92FA}.Release|Any CPU.ActiveCfg = Release|Any CPU
		{A8A54C81-9032-4B4F-901C-FF435C1C92FA}.Release|Any CPU.Build.0 = Release|Any CPU
		{A8A54C81-9032-4B4F-901C-FF435C1C92FA}.Release|ARM.ActiveCfg = Release|Any CPU
		{A8A54C81-9032-4B4F-901C-FF435C1C92FA}.Release|ARM.Build.0 = Release|Any CPU
		{A8A54C81-9032-4B4F-901C-FF435C1C92FA}.Release|ARM64.ActiveCfg = Release|Any CPU
		{A8A54C81-9032-4B4F-901C-FF435C1C92FA}.Release|ARM64.Build.0 = Release|Any CPU
		{A8A54C81-9032-4B4F-901C-FF435C1C92FA}.Release|x64.ActiveCfg = Release|Any CPU
		{A8A54C81-9032-4B4F-901C-FF435C1C92FA}.Release|x64.Build.0 = Release|Any CPU
		{A8A54C81-9032-4B4F-901C-FF435C1C92FA}.Release|x86.ActiveCfg = Release|Any CPU
		{A8A54C81-9032-4B4F-901C-FF435C1C92FA}.Release|x86.Build.0 = Release|Any CPU
		{666D1B7B-0DAA-49F5-B6A2-729AE6871FFD}.Debug|Any CPU.ActiveCfg = Debug|Any CPU
		{666D1B7B-0DAA-49F5-B6A2-729AE6871FFD}.Debug|Any CPU.Build.0 = Debug|Any CPU
		{666D1B7B-0DAA-49F5-B6A2-729AE6871FFD}.Debug|ARM.ActiveCfg = Debug|Any CPU
		{666D1B7B-0DAA-49F5-B6A2-729AE6871FFD}.Debug|ARM.Build.0 = Debug|Any CPU
		{666D1B7B-0DAA-49F5-B6A2-729AE6871FFD}.Debug|ARM64.ActiveCfg = Debug|Any CPU
		{666D1B7B-0DAA-49F5-B6A2-729AE6871FFD}.Debug|ARM64.Build.0 = Debug|Any CPU
		{666D1B7B-0DAA-49F5-B6A2-729AE6871FFD}.Debug|x64.ActiveCfg = Debug|Any CPU
		{666D1B7B-0DAA-49F5-B6A2-729AE6871FFD}.Debug|x64.Build.0 = Debug|Any CPU
		{666D1B7B-0DAA-49F5-B6A2-729AE6871FFD}.Debug|x86.ActiveCfg = Debug|Any CPU
		{666D1B7B-0DAA-49F5-B6A2-729AE6871FFD}.Debug|x86.Build.0 = Debug|Any CPU
		{666D1B7B-0DAA-49F5-B6A2-729AE6871FFD}.Release|Any CPU.ActiveCfg = Release|Any CPU
		{666D1B7B-0DAA-49F5-B6A2-729AE6871FFD}.Release|Any CPU.Build.0 = Release|Any CPU
		{666D1B7B-0DAA-49F5-B6A2-729AE6871FFD}.Release|ARM.ActiveCfg = Release|Any CPU
		{666D1B7B-0DAA-49F5-B6A2-729AE6871FFD}.Release|ARM.Build.0 = Release|Any CPU
		{666D1B7B-0DAA-49F5-B6A2-729AE6871FFD}.Release|ARM64.ActiveCfg = Release|Any CPU
		{666D1B7B-0DAA-49F5-B6A2-729AE6871FFD}.Release|ARM64.Build.0 = Release|Any CPU
		{666D1B7B-0DAA-49F5-B6A2-729AE6871FFD}.Release|x64.ActiveCfg = Release|Any CPU
		{666D1B7B-0DAA-49F5-B6A2-729AE6871FFD}.Release|x64.Build.0 = Release|Any CPU
		{666D1B7B-0DAA-49F5-B6A2-729AE6871FFD}.Release|x86.ActiveCfg = Release|Any CPU
		{666D1B7B-0DAA-49F5-B6A2-729AE6871FFD}.Release|x86.Build.0 = Release|Any CPU
	EndGlobalSection
	GlobalSection(SolutionProperties) = preSolution
		HideSolutionNode = FALSE
	EndGlobalSection
	GlobalSection(ExtensibilityGlobals) = postSolution
		SolutionGuid = {DC3EE5DB-7F96-4F04-908D-428D78EC2288}
	EndGlobalSection
EndGlobal
